{
  "R": {
    "Version": "4.6.1",
    "Repositories": [
      {
        "Name": "CRAN",
        "URL": "https://cloud.r-project.org"
      }
    ]
  },
  "Packages": {
    "askpass": {
      "Package": "askpass",
      "Version": "1.2.1",
      "Source": "Repository",
      "Repository": "CRAN"
    },
    "base64enc": {
      "Package": "base64enc",
      "Version": "0.1-6",
      "Source": "Repository",
      "Repository": "CRAN"
    },
    "cli": {
      "Package": "cli",
      "Version": "3.6.6",
      "Source": "Repository",
      "Repository": "CRAN"
    },
    "curl": {
      "Package": "curl",
      "Version": "7.1.0",
      "Source": "Repository",
      "Repository": "CRAN"
    },
    "digest": {
      "Package": "digest",
      "Version": "0.6.39",
      "Source": "Repository",
      "Repository": "CRAN"
    },
    "docopt": {
      "Package": "docopt",
      "Version": "0.7.2",
      "Source": "Repository",
      "Repository": "CRAN"
    },
    "future": {
      "Package": "future",
      "Version": "1.75.0",
      "Source": "Repository",
      "Repository": "CRAN"
    },
    "globals": {
      "Package": "globals",
      "Version": "0.19.1",
      "Source": "Repository",
      "Repository": "CRAN"
    },
    "glue": {
      "Package": "glue",
      "Version": "1.8.1",
      "Source": "Repository",
      "Repository": "CRAN"
    },
    "httr2": {
      "Package": "httr2",
      "Version": "1.3.0",
      "Source": "Repository",
      "Repository": "CRAN"
    },
    "jsonlite": {
      "Package": "jsonlite",
      "Version": "2.0.0",
      "Source": "Repository",
      "Repository": "CRAN"
    },
    "lifecycle": {
      "Package": "lifecycle",
      "Version": "1.0.5",
      "Source": "Repository",
      "Repository": "CRAN"
    },
    "listenv": {
      "Package": "listenv",
      "Version": "1.0.0",
      "Source": "Repository",
      "Repository": "CRAN"
    },
    "littler": {
      "Package": "littler",
      "Version": "0.3.23",
      "Source": "Repository",
      "Repository": "CRAN"
    },
    "magrittr": {
      "Package": "magrittr",
      "Version": "2.0.5",
      "Source": "Repository",
      "Repository": "CRAN"
    },
    "openssl": {
      "Package": "openssl",
      "Version": "2.4.2",
      "Source": "Repository",
      "Repository": "CRAN"
    },
    "parallelly": {
      "Package": "parallelly",
      "Version": "1.48.0",
      "Source": "Repository",
      "Repository": "CRAN"
    },
    "paws.common": {
      "Package": "paws.common",
      "Version": "0.8.10",
      "Source": "Repository",
      "Repository": "CRAN"
    },
    "paws.compute": {
      "Package": "paws.compute",
      "Version": "0.10.0",
      "Source": "Repository",
      "Repository": "CRAN"
    },
    "paws.storage": {
      "Package": "paws.storage",
      "Version": "0.10.0",
      "Source": "Repository",
      "Repository": "CRAN"
    },
    "qs2": {
      "Package": "qs2",
      "Version": "0.2.2",
      "Source": "Repository",
      "Repository": "CRAN"
    },
    "R6": {
      "Package": "R6",
      "Version": "2.6.1",
      "Source": "Repository",
      "Repository": "CRAN"
    },
    "Rcpp": {
      "Package": "Rcpp",
      "Version": "1.1.2",
      "Source": "Repository",
      "Repository": "CRAN"
    },
    "RcppParallel": {
      "Package": "RcppParallel",
      "Version": "5.1.11-2",
      "Source": "Repository",
      "Repository": "CRAN"
    },
    "renv": {
      "Package": "renv",
      "Version": "1.2.3",
      "Source": "Repository",
      "Repository": "CRAN"
    },
    "rlang": {
      "Package": "rlang",
      "Version": "1.3.0",
      "Source": "Repository",
      "Repository": "CRAN"
    },
    "stringfish": {
      "Package": "stringfish",
      "Version": "0.19.0",
      "Source": "Repository",
      "Repository": "CRAN"
    },
    "sys": {
      "Package": "sys",
      "Version": "3.4.3",
      "Source": "Repository",
      "Repository": "CRAN"
    },
    "vctrs": {
      "Package": "vctrs",
      "Version": "0.7.3",
      "Source": "Repository",
      "Repository": "CRAN"
    },
    "withr": {
      "Package": "withr",
      "Version": "3.0.3",
      "Source": "Repository",
      "Repository": "CRAN"
    },
    "xml2": {
      "Package": "xml2",
      "Version": "1.6.0",
      "Source": "Repository",
      "Repository": "CRAN"
    },
    "boot": {
      "Package": "boot",
      "Version": "1.3-32",
      "Source": "Repository",
      "Repository": "CRAN"
    },
    "class": {
      "Package": "class",
      "Version": "7.3-23",
      "Source": "Repository",
      "Repository": "CRAN"
    },
    "cluster": {
      "Package": "cluster",
      "Version": "2.1.8.2",
      "Source": "Repository",
      "Repository": "CRAN"
    },
    "codetools": {
      "Package": "codetools",
      "Version": "0.2-20",
      "Source": "Repository",
      "Repository": "CRAN"
    },
    "foreign": {
      "Package": "foreign",
      "Version": "0.8-91",
      "Source": "Repository",
      "Repository": "CRAN"
    },
    "KernSmooth": {
      "Package": "KernSmooth",
      "Version": "2.23-26",
      "Source": "Repository",
      "Repository": "CRAN"
    },
    "lattice": {
      "Package": "lattice",
      "Version": "0.22-9",
      "Source": "Repository",
      "Repository": "CRAN"
    },
    "MASS": {
      "Package": "MASS",
      "Version": "7.3-65",
      "Source": "Repository",
      "Repository": "CRAN"
    },
    "Matrix": {
      "Package": "Matrix",
      "Version": "1.7-5",
      "Source": "Repository",
      "Repository": "CRAN"
    },
    "mgcv": {
      "Package": "mgcv",
      "Version": "1.9-4",
      "Source": "Repository",
      "Repository": "CRAN"
    },
    "nlme": {
      "Package": "nlme",
      "Version": "3.1-169",
      "Source": "Repository",
      "Repository": "CRAN"
    },
    "nnet": {
      "Package": "nnet",
      "Version": "7.3-20",
      "Source": "Repository",
      "Repository": "CRAN"
    },
    "rpart": {
      "Package": "rpart",
      "Version": "4.1.27",
      "Source": "Repository",
      "Repository": "CRAN"
    },
    "spatial": {
      "Package": "spatial",
      "Version": "7.3-18",
      "Source": "Repository",
      "Repository": "CRAN"
    },
    "survival": {
      "Package": "survival",
      "Version": "3.8-6",
      "Source": "Repository",
      "Repository": "CRAN"
    }
  }
}
